
Microsoft Visual Studio Solution File, Format Version 12.00
# Visual Studio Version 17
VisualStudioVersion = 17.8.34525.116
MinimumVisualStudioVersion = 10.0.40219.1
Project("{FAE04EC0-301F-11D3-BF4B-00C04F79EFBC}") = "ATMApplication", "ATMApplication.csproj", "{BA178075-4BA5-4A67-91B4-D89C48C67CC5}"
EndProject
Global
	GlobalSection(SolutionConfigurationPlatforms) = preSolution
		Debug|Any CPU = Debug|Any CPU
		Release|Any CPU = Release|Any CPU
	EndGlobalSection
	GlobalSection(ProjectConfigurationPlatforms) = postSolution
		{BA178075-4BA5-4A67-91B4-D89C48C67CC5}.Debug|Any CPU.ActiveCfg = Debug|Any CPU
		{BA178075-4BA5-4A67-91B4-D89C48C67CC5}.Debug|Any CPU.Build.0 = Debug|Any CPU
		{BA178075-4BA5-4A67-91B4-D89C48C67CC5}.Release|Any CPU.ActiveCfg = Release|Any CPU
		{BA178075-4BA5-4A67-91B4-D89C48C67CC5}.Release|Any CPU.Build.0 = Release|Any CPU
	EndGlobalSection
	GlobalSection(SolutionProperties) = preSolution
		HideSolutionNode = FALSE
	EndGlobalSection
	GlobalSection(ExtensibilityGlobals) = postSolution
		SolutionGuid = {0F0019FD-BEB7-4F5F-8A91-167DE08FE5AC}
	EndGlobalSection
EndGlobal
